
Microsoft Visual Studio Solution File, Format Version 12.00
# Visual Studio Version 17
VisualStudioVersion = 17.6.33815.320
MinimumVisualStudioVersion = 10.0.40219.1
Project("{FAE04EC0-301F-11D3-BF4B-00C04F79EFBC}") = "LMS", "LMS\LMS.csproj", "{D5A7DF07-9B60-4804-A335-2A49AF5500C7}"
EndProject
Global
	GlobalSection(SolutionConfigurationPlatforms) = preSolution
		Debug|Any CPU = Debug|Any CPU
		Release|Any CPU = Release|Any CPU
	EndGlobalSection
	GlobalSection(ProjectConfigurationPlatforms) = postSolution
		{D5A7DF07-9B60-4804-A335-2A49AF5500C7}.Debug|Any CPU.ActiveCfg = Debug|Any CPU
		{D5A7DF07-9B60-4804-A335-2A49AF5500C7}.Debug|Any CPU.Build.0 = Debug|Any CPU
		{D5A7DF07-9B60-4804-A335-2A49AF5500C7}.Release|Any CPU.ActiveCfg = Release|Any CPU
		{D5A7DF07-9B60-4804-A335-2A49AF5500C7}.Release|Any CPU.Build.0 = Release|Any CPU
	EndGlobalSection
	GlobalSection(SolutionProperties) = preSolution
		HideSolutionNode = FALSE
	EndGlobalSection
	GlobalSection(ExtensibilityGlobals) = postSolution
		SolutionGuid = {AE335E83-7E55-4C9E-8D9E-58A4CC399974}
	EndGlobalSection
EndGlobal
